
Microsoft Visual Studio Solution File, Format Version 12.00
# Visual Studio 2012
Project("{FAE04EC0-301F-11D3-BF4B-00C04F79EFBC}") = "PolymeliaDeploy", "PolymeliaDeploy\PolymeliaDeploy.csproj", "{D95A6BB0-375B-4C3B-822F-D2325419CC9F}"
EndProject
Project("{FAE04EC0-301F-11D3-BF4B-00C04F79EFBC}") = "PolymeliaDeployAgent", "PolymeliaDeployAgent\PolymeliaDeployAgent.csproj", "{50D26AE4-CCD5-447D-9ABA-F07FE7716041}"
EndProject
Project("{FAE04EC0-301F-11D3-BF4B-00C04F79EFBC}") = "PolymeliaDeployController", "PolymeliaDeployController\PolymeliaDeployController.csproj", "{6F481F07-772C-4717-9294-919C3BE0EAB2}"
EndProject
Project("{FAE04EC0-301F-11D3-BF4B-00C04F79EFBC}") = "PolymeliaDeployClient", "PolymeliaDeployClient\PolymeliaDeployClient.csproj", "{181E33F4-279A-479C-9700-B989EB5D3739}"
EndProject
Global
	GlobalSection(SolutionConfigurationPlatforms) = preSolution
		Debug|Any CPU = Debug|Any CPU
		Release|Any CPU = Release|Any CPU
	EndGlobalSection
	GlobalSection(ProjectConfigurationPlatforms) = postSolution
		{D95A6BB0-375B-4C3B-822F-D2325419CC9F}.Debug|Any CPU.ActiveCfg = Debug|Any CPU
		{D95A6BB0-375B-4C3B-822F-D2325419CC9F}.Debug|Any CPU.Build.0 = Debug|Any CPU
		{D95A6BB0-375B-4C3B-822F-D2325419CC9F}.Release|Any CPU.ActiveCfg = Release|Any CPU
		{D95A6BB0-375B-4C3B-822F-D2325419CC9F}.Release|Any CPU.Build.0 = Release|Any CPU
		{50D26AE4-CCD5-447D-9ABA-F07FE7716041}.Debug|Any CPU.ActiveCfg = Debug|Any CPU
		{50D26AE4-CCD5-447D-9ABA-F07FE7716041}.Debug|Any CPU.Build.0 = Debug|Any CPU
		{50D26AE4-CCD5-447D-9ABA-F07FE7716041}.Release|Any CPU.ActiveCfg = Release|Any CPU
		{50D26AE4-CCD5-447D-9ABA-F07FE7716041}.Release|Any CPU.Build.0 = Release|Any CPU
		{6F481F07-772C-4717-9294-919C3BE0EAB2}.Debug|Any CPU.ActiveCfg = Debug|Any CPU
		{6F481F07-772C-4717-9294-919C3BE0EAB2}.Debug|Any CPU.Build.0 = Debug|Any CPU
		{6F481F07-772C-4717-9294-919C3BE0EAB2}.Release|Any CPU.ActiveCfg = Release|Any CPU
		{6F481F07-772C-4717-9294-919C3BE0EAB2}.Release|Any CPU.Build.0 = Release|Any CPU
		{181E33F4-279A-479C-9700-B989EB5D3739}.Debug|Any CPU.ActiveCfg = Debug|Any CPU
		{181E33F4-279A-479C-9700-B989EB5D3739}.Debug|Any CPU.Build.0 = Debug|Any CPU
		{181E33F4-279A-479C-9700-B989EB5D3739}.Release|Any CPU.ActiveCfg = Release|Any CPU
		{181E33F4-279A-479C-9700-B989EB5D3739}.Release|Any CPU.Build.0 = Release|Any CPU
	EndGlobalSection
	GlobalSection(SolutionProperties) = preSolution
		HideSolutionNode = FALSE
	EndGlobalSection
EndGlobal
